<?xml version="1.0" encoding="utf-8"?>
<Project ToolsVersion="4.0" xmlns="http://schemas.microsoft.com/developer/msbuild/2003">
  <ItemGroup>
    <Filter Include="Source">
      <UniqueIdentifier>{4FC737F1-C7A5-4376-A066-2A32D752A2FF}</UniqueIdentifier>
      <Extensions>cpp;c;cc;cxx;def;odl;idl;hpj;bat;asm;asmx</Extensions>
    </Filter>
    <Filter Include="Header">
      <UniqueIdentifier>{93995380-89BD-4b04-88EB-625FBE52EBFB}</UniqueIdentifier>
      <Extensions>h;hh;hpp;hxx;hm;inl;inc;ipp;xsd</Extensions>
    </Filter>
    <Filter Include="Detours">
      <UniqueIdentifier>{6a459e57-a2d3-4efa-9edf-e7cf21a8f4da}</UniqueIdentifier>
    </Filter>
  </ItemGroup>
  <ItemGroup>
    <ClCompile Include="dllmain.cpp">
      <Filter>Source</Filter>
    </ClCompile>
    <ClCompile Include="socket_manager.cpp">
      <Filter>Source</Filter>
    </ClCompile>
    <ClCompile Include="proxy_info.cpp">
      <Filter>Source</Filter>
    </ClCompile>
    <ClCompile Include="encoding_utils.cpp">
      <Filter>Source</Filter>
    </ClCompile>
    <ClCompile Include="detours\creatwth.cpp">
      <Filter>Detours</Filter>
    </ClCompile>
    <ClCompile Include="detours\detours.cpp">
      <Filter>Detours</Filter>
    </ClCompile>
    <ClCompile Include="detours\disasm.cpp">
      <Filter>Detours</Filter>
    </ClCompile>
    <ClCompile Include="detours\disolarm.cpp">
      <Filter>Detours</Filter>
    </ClCompile>
    <ClCompile Include="detours\disolarm64.cpp">
      <Filter>Detours</Filter>
    </ClCompile>
    <ClCompile Include="detours\disolia64.cpp">
      <Filter>Detours</Filter>
    </ClCompile>
    <ClCompile Include="detours\disolx64.cpp">
      <Filter>Detours</Filter>
    </ClCompile>
    <ClCompile Include="detours\disolx86.cpp">
      <Filter>Detours</Filter>
    </ClCompile>
    <ClCompile Include="detours\image.cpp">
      <Filter>Detours</Filter>
    </ClCompile>
    <ClCompile Include="detours\modules.cpp">
      <Filter>Detours</Filter>
    </ClCompile>
    <ClCompile Include="base64.cpp">
      <Filter>Source</Filter>
    </ClCompile>
    <ClCompile Include="log_utils.cpp">
      <Filter>Source</Filter>
    </ClCompile>
  </ItemGroup>
  <ItemGroup>
    <None Include="Source.def">
      <Filter>Source</Filter>
    </None>
  </ItemGroup>
  <ItemGroup>
    <ClInclude Include="socket_manager.h">
      <Filter>Header</Filter>
    </ClInclude>
    <ClInclude Include="proxy_info.h">
      <Filter>Header</Filter>
    </ClInclude>
    <ClInclude Include="encoding_utils.h">
      <Filter>Header</Filter>
    </ClInclude>
    <ClInclude Include="detours\detours.h">
      <Filter>Detours</Filter>
    </ClInclude>
    <ClInclude Include="detours\detver.h">
      <Filter>Detours</Filter>
    </ClInclude>
    <ClInclude Include="base64.h">
      <Filter>Header</Filter>
    </ClInclude>
    <ClInclude Include="log_utils.h">
      <Filter>Header</Filter>
    </ClInclude>
  </ItemGroup>
  <ItemGroup>
    <CustomBuild Include="version.asm">
      <Filter>Source</Filter>
    </CustomBuild>
  </ItemGroup>
</Project>